{
  "name": "zh-pentest-app",
  "version": "1",
  "lockfileVersion": 3,
  "requires": true,
  "packages": {
    "": {
      "name": "zh-pentest-app",
      "version": "1.0.0",
      "dependencies": {
        "@aksharfederacy2/zh-design-tokens": "^1.0.0"
      }
    },
    "node_modules/@aksharfederacy2/zh-design-tokens": {
      "version": "1.0.0",
      "resolved": "https://registry.npmjs.org/@aksharfederacy2/zh-design-tokens/-/zh-design-tokens-1.0.0.tgz",
      "integrity": "sha512-placeholder"
    }
  }
}
